
Microsoft Visual Studio Solution File, Format Version 12.00
# Visual Studio Version 17
VisualStudioVersion = 17.8.34511.84
MinimumVisualStudioVersion = 10.0.40219.1
Project("{FAE04EC0-301F-11D3-BF4B-00C04F79EFBC}") = "Atividade13", "Atividade13\Atividade13.csproj", "{DADD156B-B10F-4450-BDAA-049A085F2A2E}"
EndProject
Global
	GlobalSection(SolutionConfigurationPlatforms) = preSolution
		Debug|Any CPU = Debug|Any CPU
		Release|Any CPU = Release|Any CPU
	EndGlobalSection
	GlobalSection(ProjectConfigurationPlatforms) = postSolution
		{DADD156B-B10F-4450-BDAA-049A085F2A2E}.Debug|Any CPU.ActiveCfg = Debug|Any CPU
		{DADD156B-B10F-4450-BDAA-049A085F2A2E}.Debug|Any CPU.Build.0 = Debug|Any CPU
		{DADD156B-B10F-4450-BDAA-049A085F2A2E}.Release|Any CPU.ActiveCfg = Release|Any CPU
		{DADD156B-B10F-4450-BDAA-049A085F2A2E}.Release|Any CPU.Build.0 = Release|Any CPU
	EndGlobalSection
	GlobalSection(SolutionProperties) = preSolution
		HideSolutionNode = FALSE
	EndGlobalSection
	GlobalSection(ExtensibilityGlobals) = postSolution
		SolutionGuid = {B72D9691-465C-4DED-BA52-04706D586A4D}
	EndGlobalSection
EndGlobal
